
Microsoft Visual Studio Solution File, Format Version 11.00
# Visual Studio 2010
Project("{FAE04EC0-301F-11D3-BF4B-00C04F79EFBC}") = "PFA", "Assembly-CSharp.csproj", "{7AF996B1-00B1-7E31-079B-E3325A254EC3}"
EndProject
Global
	GlobalSection(SolutionConfigurationPlatforms) = preSolution
		Debug|Any CPU = Debug|Any CPU
		Release|Any CPU = Release|Any CPU
	EndGlobalSection
	GlobalSection(ProjectConfigurationPlatforms) = postSolution
		{7AF996B1-00B1-7E31-079B-E3325A254EC3}.Debug|Any CPU.ActiveCfg = Debug|Any CPU
		{7AF996B1-00B1-7E31-079B-E3325A254EC3}.Debug|Any CPU.Build.0 = Debug|Any CPU
		{7AF996B1-00B1-7E31-079B-E3325A254EC3}.Release|Any CPU.ActiveCfg = Release|Any CPU
		{7AF996B1-00B1-7E31-079B-E3325A254EC3}.Release|Any CPU.Build.0 = Release|Any CPU
	EndGlobalSection
	GlobalSection(SolutionProperties) = preSolution
		HideSolutionNode = FALSE
	EndGlobalSection
	GlobalSection(MonoDevelopProperties) = preSolution
		StartupItem = Assembly-CSharp.csproj
	EndGlobalSection
EndGlobal
